Microsoft Visual Studio Solution File, Format Version 12.00
# Visual Studio 15
VisualStudioVersion = 15.0.27130.2027
MinimumVisualStudioVersion = 10.0.40219.1
Project("{E24C65DC-7377-472B-9ABA-BC803B73C61A}") = "http://localhost:8087", "http://localhost:8087", "{8A791886-7485-48D9-9D0B-9DA99889B0A9}"
	ProjectSection(WebsiteProperties) = preProject
		UseIISExpress = "false"
		TargetFrameworkMoniker = ".NETFramework,Version%3Dv4.6.1"
		ProjectReferences = "{acadb79e-9811-43f5-b82c-b15bd44bf93b}|SbrinnaCoreFramework.dll;{c05bf57e-b756-4d71-a669-5e0261cd1697}|ShortcutFramework.dll;"
		Debug.AspNetCompiler.VirtualPath = "/localhost_8087"
		Debug.AspNetCompiler.PhysicalPath = "Web\"
		Debug.AspNetCompiler.TargetPath = "PrecompiledWeb\localhost_8087\"
		Debug.AspNetCompiler.Updateable = "true"
		Debug.AspNetCompiler.ForceOverwrite = "true"
		Debug.AspNetCompiler.FixedNames = "false"
		Debug.AspNetCompiler.Debug = "True"
		Release.AspNetCompiler.VirtualPath = "/localhost_8087"
		Release.AspNetCompiler.PhysicalPath = "Web\"
		Release.AspNetCompiler.TargetPath = "PrecompiledWeb\localhost_8087\"
		Release.AspNetCompiler.Updateable = "true"
		Release.AspNetCompiler.ForceOverwrite = "true"
		Release.AspNetCompiler.FixedNames = "false"
		Release.AspNetCompiler.Debug = "False"
		SlnRelativePath = "Web\"
	EndProjectSection
	ProjectSection(WebsiteProperties) = preProject
		UseIISExpress = "false"
		TargetFrameworkMoniker = ".NETFramework,Version%3Dv4.5"
		ProjectReferences = "{acadb79e-9811-43f5-b82c-b15bd44bf93b}|SbrinnaCoreFramework.dll;{c05bf57e-b756-4d71-a669-5e0261cd1697}|ShortcutFramework.dll;"
		Debug.AspNetCompiler.VirtualPath = "/localhost_8087"
		Debug.AspNetCompiler.PhysicalPath = "Web\"
		Debug.AspNetCompiler.TargetPath = "PrecompiledWeb\localhost_8087\"
		Debug.AspNetCompiler.Updateable = "true"
		Debug.AspNetCompiler.ForceOverwrite = "true"
		Debug.AspNetCompiler.FixedNames = "false"
		Debug.AspNetCompiler.Debug = "True"
		Release.AspNetCompiler.VirtualPath = "/localhost_8087"
		Release.AspNetCompiler.PhysicalPath = "Web\"
		Release.AspNetCompiler.TargetPath = "PrecompiledWeb\localhost_8087\"
		Release.AspNetCompiler.Updateable = "true"
		Release.AspNetCompiler.ForceOverwrite = "true"
		Release.AspNetCompiler.FixedNames = "false"
		Release.AspNetCompiler.Debug = "False"
		SlnRelativePath = "Web\"
	EndProjectSection
EndProject
Project("{FAE04EC0-301F-11D3-BF4B-00C04F79EFBC}") = "SbrinnaFramework", "SbrinnaFramework\SbrinnaFramework.csproj", "{ACADB79E-9811-43F5-B82C-B15BD44BF93B}"
EndProject
Project("{FAE04EC0-301F-11D3-BF4B-00C04F79EFBC}") = "AspadLand", "AspaLandFramework\AspadLand.csproj", "{C05BF57E-B756-4D71-A669-5E0261CD1697}"
EndProject
Project("{2150E333-8FDC-42A3-9474-1A3956D46DE8}") = "Solution Items", "Solution Items", "{EB802F83-E581-4C4B-9B16-7D00D66C9329}"
	ProjectSection(SolutionItems) = preProject
		GCop.json = GCop.json
	EndProjectSection
EndProject
Global
	GlobalSection(SolutionConfigurationPlatforms) = preSolution
		Debug|Any CPU = Debug|Any CPU
		Release|Any CPU = Release|Any CPU
	EndGlobalSection
	GlobalSection(ProjectConfigurationPlatforms) = postSolution
		{8A791886-7485-48D9-9D0B-9DA99889B0A9}.Debug|Any CPU.ActiveCfg = Debug|Any CPU
		{8A791886-7485-48D9-9D0B-9DA99889B0A9}.Debug|Any CPU.Build.0 = Debug|Any CPU
		{8A791886-7485-48D9-9D0B-9DA99889B0A9}.Release|Any CPU.ActiveCfg = Debug|Any CPU
		{8A791886-7485-48D9-9D0B-9DA99889B0A9}.Release|Any CPU.Build.0 = Debug|Any CPU
		{ACADB79E-9811-43F5-B82C-B15BD44BF93B}.Debug|Any CPU.ActiveCfg = Debug|Any CPU
		{ACADB79E-9811-43F5-B82C-B15BD44BF93B}.Debug|Any CPU.Build.0 = Debug|Any CPU
		{ACADB79E-9811-43F5-B82C-B15BD44BF93B}.Release|Any CPU.ActiveCfg = Release|Any CPU
		{ACADB79E-9811-43F5-B82C-B15BD44BF93B}.Release|Any CPU.Build.0 = Release|Any CPU
		{C05BF57E-B756-4D71-A669-5E0261CD1697}.Debug|Any CPU.ActiveCfg = Debug|Any CPU
		{C05BF57E-B756-4D71-A669-5E0261CD1697}.Debug|Any CPU.Build.0 = Debug|Any CPU
		{C05BF57E-B756-4D71-A669-5E0261CD1697}.Release|Any CPU.ActiveCfg = Release|Any CPU
		{C05BF57E-B756-4D71-A669-5E0261CD1697}.Release|Any CPU.Build.0 = Release|Any CPU
	EndGlobalSection
	GlobalSection(SolutionProperties) = preSolution
		HideSolutionNode = FALSE
	EndGlobalSection
	GlobalSection(ExtensibilityGlobals) = postSolution
		SolutionGuid = {8105153E-2539-4F62-A30B-40A16A0C9976}
	EndGlobalSection
EndGlobal
